PODS:
  - Flutter (1.0.0)
  - photos_library (0.0.1):
    - Flutter

DEPENDENCIES:
  - Flutter (from `.symlinks/flutter/ios`)
  - photos_library (from `.symlinks/plugins/photos_library/ios`)

EXTERNAL SOURCES:
  Flutter:
    :path: ".symlinks/flutter/ios"
  photos_library:
    :path: ".symlinks/plugins/photos_library/ios"

SPEC CHECKSUMS:
  Flutter: 58dd7d1b27887414a370fcccb9e645c08ffd7a6a
  photos_library: 78797b2f94c8844c9f81b9fc8764c11756321eee

PODFILE CHECKSUM: 1e5af4103afd21ca5ead147d7b81d06f494f51a2

COCOAPODS: 1.6.0
